
Microsoft Visual Studio Solution File, Format Version 12.00
# Visual Studio Version 16
VisualStudioVersion = 16.0.31129.286
MinimumVisualStudioVersion = 10.0.40219.1
Project("{2150E333-8FDC-42A3-9474-1A3956D46DE8}") = "RunSettings", "RunSettings", "{D8C865AD-0C95-4313-8FE1-514463CEE7D4}"
	ProjectSection(SolutionItems) = preProject
		Base.runsettings = Base.runsettings
	EndProjectSection
EndProject
Project("{9A19103F-16F7-4668-BE54-9A1E7A4F7556}") = "Homework2-Infra", "Homework2-Infra\Homework2-Infra.csproj", "{B3263FC9-544A-4DBD-951B-D5C528F65932}"
EndProject
Global
	GlobalSection(SolutionConfigurationPlatforms) = preSolution
		Debug|Any CPU = Debug|Any CPU
		Release|Any CPU = Release|Any CPU
	EndGlobalSection
	GlobalSection(ProjectConfigurationPlatforms) = postSolution
		{B3263FC9-544A-4DBD-951B-D5C528F65932}.Debug|Any CPU.ActiveCfg = Debug|Any CPU
		{B3263FC9-544A-4DBD-951B-D5C528F65932}.Debug|Any CPU.Build.0 = Debug|Any CPU
		{B3263FC9-544A-4DBD-951B-D5C528F65932}.Release|Any CPU.ActiveCfg = Release|Any CPU
		{B3263FC9-544A-4DBD-951B-D5C528F65932}.Release|Any CPU.Build.0 = Release|Any CPU
	EndGlobalSection
	GlobalSection(SolutionProperties) = preSolution
		HideSolutionNode = FALSE
	EndGlobalSection
	GlobalSection(ExtensibilityGlobals) = postSolution
		SolutionGuid = {7FDA70E3-4A90-4794-B24E-23BC537963C0}
	EndGlobalSection
EndGlobal
